
Microsoft Visual Studio Solution File, Format Version 12.00
# Visual Studio Version 16
VisualStudioVersion = 16.0.31229.75
MinimumVisualStudioVersion = 10.0.40219.1
Project("{9A19103F-16F7-4668-BE54-9A1E7A4F7556}") = "TaxaJuros", "TaxaJuros\TaxaJuros.csproj", "{EB5480CF-8F18-4685-99A8-ABF4950D0993}"
EndProject
Project("{9A19103F-16F7-4668-BE54-9A1E7A4F7556}") = "CalculaJuros", "CalculaJuros\CalculaJuros.csproj", "{F5D3547C-14F1-48A5-B52D-2A72B4B3C70C}"
EndProject
Project("{FAE04EC0-301F-11D3-BF4B-00C04F79EFBC}") = "Testes", "Testes\Testes.csproj", "{9B7B65F3-D958-478D-B5E2-5F00B41A6F6E}"
EndProject
Global
	GlobalSection(SolutionConfigurationPlatforms) = preSolution
		Debug|Any CPU = Debug|Any CPU
		Release|Any CPU = Release|Any CPU
	EndGlobalSection
	GlobalSection(ProjectConfigurationPlatforms) = postSolution
		{EB5480CF-8F18-4685-99A8-ABF4950D0993}.Debug|Any CPU.ActiveCfg = Debug|Any CPU
		{EB5480CF-8F18-4685-99A8-ABF4950D0993}.Debug|Any CPU.Build.0 = Debug|Any CPU
		{EB5480CF-8F18-4685-99A8-ABF4950D0993}.Release|Any CPU.ActiveCfg = Release|Any CPU
		{EB5480CF-8F18-4685-99A8-ABF4950D0993}.Release|Any CPU.Build.0 = Release|Any CPU
		{F5D3547C-14F1-48A5-B52D-2A72B4B3C70C}.Debug|Any CPU.ActiveCfg = Debug|Any CPU
		{F5D3547C-14F1-48A5-B52D-2A72B4B3C70C}.Debug|Any CPU.Build.0 = Debug|Any CPU
		{F5D3547C-14F1-48A5-B52D-2A72B4B3C70C}.Release|Any CPU.ActiveCfg = Release|Any CPU
		{F5D3547C-14F1-48A5-B52D-2A72B4B3C70C}.Release|Any CPU.Build.0 = Release|Any CPU
		{9B7B65F3-D958-478D-B5E2-5F00B41A6F6E}.Debug|Any CPU.ActiveCfg = Debug|Any CPU
		{9B7B65F3-D958-478D-B5E2-5F00B41A6F6E}.Debug|Any CPU.Build.0 = Debug|Any CPU
		{9B7B65F3-D958-478D-B5E2-5F00B41A6F6E}.Release|Any CPU.ActiveCfg = Release|Any CPU
		{9B7B65F3-D958-478D-B5E2-5F00B41A6F6E}.Release|Any CPU.Build.0 = Release|Any CPU
	EndGlobalSection
	GlobalSection(SolutionProperties) = preSolution
		HideSolutionNode = FALSE
	EndGlobalSection
	GlobalSection(ExtensibilityGlobals) = postSolution
		SolutionGuid = {137C2786-01D0-4B9A-88E3-BB39EAE9AC6F}
	EndGlobalSection
EndGlobal
